// !$*UTF8*$!
{
	archiveVersion = 1;
	classes = {
	};
	objectVersion = 46;
	objects = {

/* Begin PBXBuildFile section */
		98DF52571F70AE6B008F396C /* AppDelegate.swift in Sources */ = {isa = PBXBuildFile; fileRef = 98DF52561F70AE6B008F396C /* AppDelegate.swift */; };
		98DF52591F70AE6B008F396C /* ViewController.swift in Sources */ = {isa = PBXBuildFile; fileRef = 98DF52581F70AE6B008F396C /* ViewController.swift */; };
		98DF525C1F70AE6B008F396C /* ToolKid.xcdatamodeld in Sources */ = {isa = PBXBuildFile; fileRef = 98DF525A1F70AE6B008F396C /* ToolKid.xcdatamodeld */; };
		98DF525E1F70AE6B008F396C /* Assets.xcassets in Resources */ = {isa = PBXBuildFile; fileRef = 98DF525D1F70AE6B008F396C /* Assets.xcassets */; };
		98DF52611F70AE6B008F396C /* Main.storyboard in Resources */ = {isa = PBXBuildFile; fileRef = 98DF525F1F70AE6B008F396C /* Main.storyboard */; };
		98DF52691F70AFE9008F396C /* SharkORM.framework in Frameworks */ = {isa = PBXBuildFile; fileRef = 98DF52681F70AFE9008F396C /* SharkORM.framework */; };
		98DF526F1F70BCAB008F396C /* MServers.swift in Sources */ = {isa = PBXBuildFile; fileRef = 98DF526E1F70BCAB008F396C /* MServers.swift */; };
		98DF52711F70BCBD008F396C /* MCustomer.swift in Sources */ = {isa = PBXBuildFile; fileRef = 98DF52701F70BCBD008F396C /* MCustomer.swift */; };
		98DF52791F70CBC5008F396C /* AddNewServer.swift in Sources */ = {isa = PBXBuildFile; fileRef = 98DF52781F70CBC5008F396C /* AddNewServer.swift */; };
		98DF527B1F70D0E9008F396C /* AddNewCustomers.swift in Sources */ = {isa = PBXBuildFile; fileRef = 98DF527A1F70D0E9008F396C /* AddNewCustomers.swift */; };
		F879F5F3C7A4E36D01FD8552 /* Pods_ToolKid.framework in Frameworks */ = {isa = PBXBuildFile; fileRef = 4D8D6B684C0F935E9C63B10D /* Pods_ToolKid.framework */; };
/* End PBXBuildFile section */

/* Begin PBXFileReference section */
		411902E0FED38939EB3C1437 /* Pods-ToolKid.release.xcconfig */ = {isa = PBXFileReference; includeInIndex = 1; lastKnownFileType = text.xcconfig; name = "Pods-ToolKid.release.xcconfig"; path = "Pods/Target Support Files/Pods-ToolKid/Pods-ToolKid.release.xcconfig"; sourceTree = "<group>"; };
		4D8D6B684C0F935E9C63B10D /* Pods_ToolKid.framework */ = {isa = PBXFileReference; explicitFileType = wrapper.framework; includeInIndex = 0; path = Pods_ToolKid.framework; sourceTree = BUILT_PRODUCTS_DIR; };
		98DF52531F70AE6B008F396C /* ToolKid.app */ = {isa = PBXFileReference; explicitFileType = wrapper.application; includeInIndex = 0; path = ToolKid.app; sourceTree = BUILT_PRODUCTS_DIR; };
		98DF52561F70AE6B008F396C /* AppDelegate.swift */ = {isa = PBXFileReference; lastKnownFileType = sourcecode.swift; path = AppDelegate.swift; sourceTree = "<group>"; };
		98DF52581F70AE6B008F396C /* ViewController.swift */ = {isa = PBXFileReference; lastKnownFileType = sourcecode.swift; path = ViewController.swift; sourceTree = "<group>"; };
		98DF525B1F70AE6B008F396C /* ToolKid.xcdatamodel */ = {isa = PBXFileReference; lastKnownFileType = wrapper.xcdatamodel; path = ToolKid.xcdatamodel; sourceTree = "<group>"; };
		98DF525D1F70AE6B008F396C /* Assets.xcassets */ = {isa = PBXFileReference; lastKnownFileType = folder.assetcatalog; path = Assets.xcassets; sourceTree = "<group>"; };
		98DF52601F70AE6B008F396C /* Base */ = {isa = PBXFileReference; lastKnownFileType = file.storyboard; name = Base; path = Base.lproj/Main.storyboard; sourceTree = "<group>"; };
		98DF52621F70AE6B008F396C /* Info.plist */ = {isa = PBXFileReference; lastKnownFileType = text.plist.xml; path = Info.plist; sourceTree = "<group>"; };
		98DF52681F70AFE9008F396C /* SharkORM.framework */ = {isa = PBXFileReference; lastKnownFileType = wrapper.framework; name = SharkORM.framework; path = Pods/../build/Debug/SharkORM/SharkORM.framework; sourceTree = "<group>"; };
		98DF526A1F70B408008F396C /* ToolKid-Bridging-Header.h */ = {isa = PBXFileReference; fileEncoding = 4; lastKnownFileType = sourcecode.c.h; path = "ToolKid-Bridging-Header.h"; sourceTree = SOURCE_ROOT; };
		98DF526E1F70BCAB008F396C /* MServers.swift */ = {isa = PBXFileReference; fileEncoding = 4; lastKnownFileType = sourcecode.swift; path = MServers.swift; sourceTree = "<group>"; };
		98DF52701F70BCBD008F396C /* MCustomer.swift */ = {isa = PBXFileReference; fileEncoding = 4; lastKnownFileType = sourcecode.swift; path = MCustomer.swift; sourceTree = "<group>"; };
		98DF52781F70CBC5008F396C /* AddNewServer.swift */ = {isa = PBXFileReference; fileEncoding = 4; lastKnownFileType = sourcecode.swift; path = AddNewServer.swift; sourceTree = "<group>"; };
		98DF527A1F70D0E9008F396C /* AddNewCustomers.swift */ = {isa = PBXFileReference; fileEncoding = 4; lastKnownFileType = sourcecode.swift; path = AddNewCustomers.swift; sourceTree = "<group>"; };
		A96C5FA3C9920086EDFEBC7D /* Pods-ToolKid.debug.xcconfig */ = {isa = PBXFileReference; includeInIndex = 1; lastKnownFileType = text.xcconfig; name = "Pods-ToolKid.debug.xcconfig"; path = "Pods/Target Support Files/Pods-ToolKid/Pods-ToolKid.debug.xcconfig"; sourceTree = "<group>"; };
/* End PBXFileReference section */

/* Begin PBXFrameworksBuildPhase section */
		98DF52501F70AE6B008F396C /* Frameworks */ = {
			isa = PBXFrameworksBuildPhase;
			buildActionMask = 2147483647;
			files = (
				98DF52691F70AFE9008F396C /* SharkORM.framework in Frameworks */,
				F879F5F3C7A4E36D01FD8552 /* Pods_ToolKid.framework in Frameworks */,
			);
			runOnlyForDeploymentPostprocessing = 0;
		};
/* End PBXFrameworksBuildPhase section */

/* Begin PBXGroup section */
		638CC8A7D09F2B5CF5473300 /* Frameworks */ = {
			isa = PBXGroup;
			children = (
				98DF52681F70AFE9008F396C /* SharkORM.framework */,
				4D8D6B684C0F935E9C63B10D /* Pods_ToolKid.framework */,
			);
			name = Frameworks;
			sourceTree = "<group>";
		};
		98DF524A1F70AE6B008F396C = {
			isa = PBXGroup;
			children = (
				98DF526D1F70BC91008F396C /* Models */,
				98DF52551F70AE6B008F396C /* ToolKid */,
				98DF52541F70AE6B008F396C /* Products */,
				BECCA96F67A8F2E19A4C2CB5 /* Pods */,
				638CC8A7D09F2B5CF5473300 /* Frameworks */,
			);
			sourceTree = "<group>";
		};
		98DF52541F70AE6B008F396C /* Products */ = {
			isa = PBXGroup;
			children = (
				98DF52531F70AE6B008F396C /* ToolKid.app */,
			);
			name = Products;
			sourceTree = "<group>";
		};
		98DF52551F70AE6B008F396C /* ToolKid */ = {
			isa = PBXGroup;
			children = (
				98DF526A1F70B408008F396C /* ToolKid-Bridging-Header.h */,
				98DF52561F70AE6B008F396C /* AppDelegate.swift */,
				98DF52581F70AE6B008F396C /* ViewController.swift */,
				98DF525D1F70AE6B008F396C /* Assets.xcassets */,
				98DF525F1F70AE6B008F396C /* Main.storyboard */,
				98DF52621F70AE6B008F396C /* Info.plist */,
				98DF525A1F70AE6B008F396C /* ToolKid.xcdatamodeld */,
				98DF52781F70CBC5008F396C /* AddNewServer.swift */,
				98DF527A1F70D0E9008F396C /* AddNewCustomers.swift */,
			);
			path = ToolKid;
			sourceTree = "<group>";
		};
		98DF526D1F70BC91008F396C /* Models */ = {
			isa = PBXGroup;
			children = (
				98DF526E1F70BCAB008F396C /* MServers.swift */,
				98DF52701F70BCBD008F396C /* MCustomer.swift */,
			);
			name = Models;
			sourceTree = "<group>";
		};
		BECCA96F67A8F2E19A4C2CB5 /* Pods */ = {
			isa = PBXGroup;
			children = (
				A96C5FA3C9920086EDFEBC7D /* Pods-ToolKid.debug.xcconfig */,
				411902E0FED38939EB3C1437 /* Pods-ToolKid.release.xcconfig */,
			);
			name = Pods;
			sourceTree = "<group>";
		};
/* End PBXGroup section */

/* Begin PBXNativeTarget section */
		98DF52521F70AE6B008F396C /* ToolKid */ = {
			isa = PBXNativeTarget;
			buildConfigurationList = 98DF52651F70AE6B008F396C /* Build configuration list for PBXNativeTarget "ToolKid" */;
			buildPhases = (
				163E4445EC9172C7E4B672EB /* [CP] Check Pods Manifest.lock */,
				98DF524F1F70AE6B008F396C /* Sources */,
				98DF52501F70AE6B008F396C /* Frameworks */,
				98DF52511F70AE6B008F396C /* Resources */,
				842A1E6A9089DE9284C1D24D /* [CP] Embed Pods Frameworks */,
				0078D1B9C311105E7E3BFE44 /* [CP] Copy Pods Resources */,
			);
			buildRules = (
			);
			dependencies = (
			);
			name = ToolKid;
			productName = ToolKid;
			productReference = 98DF52531F70AE6B008F396C /* ToolKid.app */;
			productType = "com.apple.product-type.application";
		};
/* End PBXNativeTarget section */

/* Begin PBXProject section */
		98DF524B1F70AE6B008F396C /* Project object */ = {
			isa = PBXProject;
			attributes = {
				LastSwiftUpdateCheck = 0830;
				LastUpgradeCheck = 0830;
				ORGANIZATIONNAME = "Doan Ngoc Hung";
				TargetAttributes = {
					98DF52521F70AE6B008F396C = {
						CreatedOnToolsVersion = 8.3.3;
						ProvisioningStyle = Automatic;
					};
				};
			};
			buildConfigurationList = 98DF524E1F70AE6B008F396C /* Build configuration list for PBXProject "ToolKid" */;
			compatibilityVersion = "Xcode 3.2";
			developmentRegion = English;
			hasScannedForEncodings = 0;
			knownRegions = (
				en,
				Base,
			);
			mainGroup = 98DF524A1F70AE6B008F396C;
			productRefGroup = 98DF52541F70AE6B008F396C /* Products */;
			projectDirPath = "";
			projectRoot = "";
			targets = (
				98DF52521F70AE6B008F396C /* ToolKid */,
			);
		};
/* End PBXProject section */

/* Begin PBXResourcesBuildPhase section */
		98DF52511F70AE6B008F396C /* Resources */ = {
			isa = PBXResourcesBuildPhase;
			buildActionMask = 2147483647;
			files = (
				98DF525E1F70AE6B008F396C /* Assets.xcassets in Resources */,
				98DF52611F70AE6B008F396C /* Main.storyboard in Resources */,
			);
			runOnlyForDeploymentPostprocessing = 0;
		};
/* End PBXResourcesBuildPhase section */

/* Begin PBXShellScriptBuildPhase section */
		0078D1B9C311105E7E3BFE44 /* [CP] Copy Pods Resources */ = {
			isa = PBXShellScriptBuildPhase;
			buildActionMask = 2147483647;
			files = (
			);
			inputPaths = (
			);
			name = "[CP] Copy Pods Resources";
			outputPaths = (
			);
			runOnlyForDeploymentPostprocessing = 0;
			shellPath = /bin/sh;
			shellScript = "\"${SRCROOT}/Pods/Target Support Files/Pods-ToolKid/Pods-ToolKid-resources.sh\"\n";
			showEnvVarsInLog = 0;
		};
		163E4445EC9172C7E4B672EB /* [CP] Check Pods Manifest.lock */ = {
			isa = PBXShellScriptBuildPhase;
			buildActionMask = 2147483647;
			files = (
			);
			inputPaths = (
				"${PODS_PODFILE_DIR_PATH}/Podfile.lock",
				"${PODS_ROOT}/Manifest.lock",
			);
			name = "[CP] Check Pods Manifest.lock";
			outputPaths = (
				"$(DERIVED_FILE_DIR)/Pods-ToolKid-checkManifestLockResult.txt",
			);
			runOnlyForDeploymentPostprocessing = 0;
			shellPath = /bin/sh;
			shellScript = "diff \"${PODS_PODFILE_DIR_PATH}/Podfile.lock\" \"${PODS_ROOT}/Manifest.lock\" > /dev/null\nif [ $? != 0 ] ; then\n    # print error to STDERR\n    echo \"error: The sandbox is not in sync with the Podfile.lock. Run 'pod install' or update your CocoaPods installation.\" >&2\n    exit 1\nfi\n# This output is used by Xcode 'outputs' to avoid re-running this script phase.\necho \"SUCCESS\" > \"${SCRIPT_OUTPUT_FILE_0}\"\n";
			showEnvVarsInLog = 0;
		};
		842A1E6A9089DE9284C1D24D /* [CP] Embed Pods Frameworks */ = {
			isa = PBXShellScriptBuildPhase;
			buildActionMask = 2147483647;
			files = (
			);
			inputPaths = (
				"${SRCROOT}/Pods/Target Support Files/Pods-ToolKid/Pods-ToolKid-frameworks.sh",
				"${BUILT_PRODUCTS_DIR}/AFNetworking/AFNetworking.framework",
				"${BUILT_PRODUCTS_DIR}/CryptoSwift/CryptoSwift.framework",
				"${BUILT_PRODUCTS_DIR}/SharkORM/SharkORM.framework",
			);
			name = "[CP] Embed Pods Frameworks";
			outputPaths = (
				"${TARGET_BUILD_DIR}/${FRAMEWORKS_FOLDER_PATH}/AFNetworking.framework",
				"${TARGET_BUILD_DIR}/${FRAMEWORKS_FOLDER_PATH}/CryptoSwift.framework",
				"${TARGET_BUILD_DIR}/${FRAMEWORKS_FOLDER_PATH}/SharkORM.framework",
			);
			runOnlyForDeploymentPostprocessing = 0;
			shellPath = /bin/sh;
			shellScript = "\"${SRCROOT}/Pods/Target Support Files/Pods-ToolKid/Pods-ToolKid-frameworks.sh\"\n";
			showEnvVarsInLog = 0;
		};
/* End PBXShellScriptBuildPhase section */

/* Begin PBXSourcesBuildPhase section */
		98DF524F1F70AE6B008F396C /* Sources */ = {
			isa = PBXSourcesBuildPhase;
			buildActionMask = 2147483647;
			files = (
				98DF527B1F70D0E9008F396C /* AddNewCustomers.swift in Sources */,
				98DF526F1F70BCAB008F396C /* MServers.swift in Sources */,
				98DF52591F70AE6B008F396C /* ViewController.swift in Sources */,
				98DF525C1F70AE6B008F396C /* ToolKid.xcdatamodeld in Sources */,
				98DF52571F70AE6B008F396C /* AppDelegate.swift in Sources */,
				98DF52711F70BCBD008F396C /* MCustomer.swift in Sources */,
				98DF52791F70CBC5008F396C /* AddNewServer.swift in Sources */,
			);
			runOnlyForDeploymentPostprocessing = 0;
		};
/* End PBXSourcesBuildPhase section */

/* Begin PBXVariantGroup section */
		98DF525F1F70AE6B008F396C /* Main.storyboard */ = {
			isa = PBXVariantGroup;
			children = (
				98DF52601F70AE6B008F396C /* Base */,
			);
			name = Main.storyboard;
			sourceTree = "<group>";
		};
/* End PBXVariantGroup section */

/* Begin XCBuildConfiguration section */
		98DF52631F70AE6B008F396C /* Debug */ = {
			isa = XCBuildConfiguration;
			buildSettings = {
				ALWAYS_SEARCH_USER_PATHS = NO;
				CLANG_ANALYZER_NONNULL = YES;
				CLANG_ANALYZER_NUMBER_OBJECT_CONVERSION = YES_AGGRESSIVE;
				CLANG_CXX_LANGUAGE_STANDARD = "gnu++0x";
				CLANG_CXX_LIBRARY = "libc++";
				CLANG_ENABLE_MODULES = YES;
				CLANG_ENABLE_OBJC_ARC = YES;
				CLANG_WARN_BOOL_CONVERSION = YES;
				CLANG_WARN_CONSTANT_CONVERSION = YES;
				CLANG_WARN_DIRECT_OBJC_ISA_USAGE = YES_ERROR;
				CLANG_WARN_DOCUMENTATION_COMMENTS = YES;
				CLANG_WARN_EMPTY_BODY = YES;
				CLANG_WARN_ENUM_CONVERSION = YES;
				CLANG_WARN_INFINITE_RECURSION = YES;
				CLANG_WARN_INT_CONVERSION = YES;
				CLANG_WARN_OBJC_ROOT_CLASS = YES_ERROR;
				CLANG_WARN_SUSPICIOUS_MOVE = YES;
				CLANG_WARN_UNREACHABLE_CODE = YES;
				CLANG_WARN__DUPLICATE_METHOD_MATCH = YES;
				CODE_SIGN_IDENTITY = "-";
				COPY_PHASE_STRIP = NO;
				DEBUG_INFORMATION_FORMAT = dwarf;
				ENABLE_STRICT_OBJC_MSGSEND = YES;
				ENABLE_TESTABILITY = YES;
				GCC_C_LANGUAGE_STANDARD = gnu99;
				GCC_DYNAMIC_NO_PIC = NO;
				GCC_NO_COMMON_BLOCKS = YES;
				GCC_OPTIMIZATION_LEVEL = 0;
				GCC_PREPROCESSOR_DEFINITIONS = (
					"DEBUG=1",
					"$(inherited)",
				);
				GCC_WARN_64_TO_32_BIT_CONVERSION = YES;
				GCC_WARN_ABOUT_RETURN_TYPE = YES_ERROR;
				GCC_WARN_UNDECLARED_SELECTOR = YES;
				GCC_WARN_UNINITIALIZED_AUTOS = YES_AGGRESSIVE;
				GCC_WARN_UNUSED_FUNCTION = YES;
				GCC_WARN_UNUSED_VARIABLE = YES;
				MACOSX_DEPLOYMENT_TARGET = 10.12;
				MTL_ENABLE_DEBUG_INFO = YES;
				ONLY_ACTIVE_ARCH = YES;
				SDKROOT = macosx;
				SWIFT_ACTIVE_COMPILATION_CONDITIONS = DEBUG;
				SWIFT_OPTIMIZATION_LEVEL = "-Onone";
			};
			name = Debug;
		};
		98DF52641F70AE6B008F396C /* Release */ = {
			isa = XCBuildConfiguration;
			buildSettings = {
				ALWAYS_SEARCH_USER_PATHS = NO;
				CLANG_ANALYZER_NONNULL = YES;
				CLANG_ANALYZER_NUMBER_OBJECT_CONVERSION = YES_AGGRESSIVE;
				CLANG_CXX_LANGUAGE_STANDARD = "gnu++0x";
				CLANG_CXX_LIBRARY = "libc++";
				CLANG_ENABLE_MODULES = YES;
				CLANG_ENABLE_OBJC_ARC = YES;
				CLANG_WARN_BOOL_CONVERSION = YES;
				CLANG_WARN_CONSTANT_CONVERSION = YES;
				CLANG_WARN_DIRECT_OBJC_ISA_USAGE = YES_ERROR;
				CLANG_WARN_DOCUMENTATION_COMMENTS = YES;
				CLANG_WARN_EMPTY_BODY = YES;
				CLANG_WARN_ENUM_CONVERSION = YES;
				CLANG_WARN_INFINITE_RECURSION = YES;
				CLANG_WARN_INT_CONVERSION = YES;
				CLANG_WARN_OBJC_ROOT_CLASS = YES_ERROR;
				CLANG_WARN_SUSPICIOUS_MOVE = YES;
				CLANG_WARN_UNREACHABLE_CODE = YES;
				CLANG_WARN__DUPLICATE_METHOD_MATCH = YES;
				CODE_SIGN_IDENTITY = "-";
				COPY_PHASE_STRIP = NO;
				DEBUG_INFORMATION_FORMAT = "dwarf-with-dsym";
				ENABLE_NS_ASSERTIONS = NO;
				ENABLE_STRICT_OBJC_MSGSEND = YES;
				GCC_C_LANGUAGE_STANDARD = gnu99;
				GCC_NO_COMMON_BLOCKS = YES;
				GCC_WARN_64_TO_32_BIT_CONVERSION = YES;
				GCC_WARN_ABOUT_RETURN_TYPE = YES_ERROR;
				GCC_WARN_UNDECLARED_SELECTOR = YES;
				GCC_WARN_UNINITIALIZED_AUTOS = YES_AGGRESSIVE;
				GCC_WARN_UNUSED_FUNCTION = YES;
				GCC_WARN_UNUSED_VARIABLE = YES;
				MACOSX_DEPLOYMENT_TARGET = 10.12;
				MTL_ENABLE_DEBUG_INFO = NO;
				SDKROOT = macosx;
				SWIFT_OPTIMIZATION_LEVEL = "-Owholemodule";
			};
			name = Release;
		};
		98DF52661F70AE6B008F396C /* Debug */ = {
			isa = XCBuildConfiguration;
			baseConfigurationReference = A96C5FA3C9920086EDFEBC7D /* Pods-ToolKid.debug.xcconfig */;
			buildSettings = {
				ASSETCATALOG_COMPILER_APPICON_NAME = AppIcon;
				COMBINE_HIDPI_IMAGES = YES;
				FRAMEWORK_SEARCH_PATHS = (
					"$(inherited)",
					"$(PROJECT_DIR)/build/Debug/SharkORM",
				);
				INFOPLIST_FILE = ToolKid/Info.plist;
				LD_RUNPATH_SEARCH_PATHS = "$(inherited) @executable_path/../Frameworks";
				PRODUCT_BUNDLE_IDENTIFIER = hungdn.ToolKid;
				PRODUCT_NAME = "$(TARGET_NAME)";
				SWIFT_DISABLE_SAFETY_CHECKS = NO;
				SWIFT_OBJC_BRIDGING_HEADER = "ToolKid/ToolKid-Bridging-Header.h";
				"SWIFT_OBJC_BRIDGING_HEADER[arch=*]" = "";
				SWIFT_VERSION = 3.0;
			};
			name = Debug;
		};
		98DF52671F70AE6B008F396C /* Release */ = {
			isa = XCBuildConfiguration;
			baseConfigurationReference = 411902E0FED38939EB3C1437 /* Pods-ToolKid.release.xcconfig */;
			buildSettings = {
				ASSETCATALOG_COMPILER_APPICON_NAME = AppIcon;
				COMBINE_HIDPI_IMAGES = YES;
				FRAMEWORK_SEARCH_PATHS = (
					"$(inherited)",
					"$(PROJECT_DIR)/build/Debug/SharkORM",
				);
				INFOPLIST_FILE = ToolKid/Info.plist;
				LD_RUNPATH_SEARCH_PATHS = "$(inherited) @executable_path/../Frameworks";
				PRODUCT_BUNDLE_IDENTIFIER = hungdn.ToolKid;
				PRODUCT_NAME = "$(TARGET_NAME)";
				SWIFT_DISABLE_SAFETY_CHECKS = NO;
				SWIFT_OBJC_BRIDGING_HEADER = "ToolKid/ToolKid-Bridging-Header.h";
				"SWIFT_OBJC_BRIDGING_HEADER[arch=*]" = "";
				SWIFT_VERSION = 3.0;
			};
			name = Release;
		};
/* End XCBuildConfiguration section */

/* Begin XCConfigurationList section */
		98DF524E1F70AE6B008F396C /* Build configuration list for PBXProject "ToolKid" */ = {
			isa = XCConfigurationList;
			buildConfigurations = (
				98DF52631F70AE6B008F396C /* Debug */,
				98DF52641F70AE6B008F396C /* Release */,
			);
			defaultConfigurationIsVisible = 0;
			defaultConfigurationName = Release;
		};
		98DF52651F70AE6B008F396C /* Build configuration list for PBXNativeTarget "ToolKid" */ = {
			isa = XCConfigurationList;
			buildConfigurations = (
				98DF52661F70AE6B008F396C /* Debug */,
				98DF52671F70AE6B008F396C /* Release */,
			);
			defaultConfigurationIsVisible = 0;
			defaultConfigurationName = Release;
		};
/* End XCConfigurationList section */

/* Begin XCVersionGroup section */
		98DF525A1F70AE6B008F396C /* ToolKid.xcdatamodeld */ = {
			isa = XCVersionGroup;
			children = (
				98DF525B1F70AE6B008F396C /* ToolKid.xcdatamodel */,
			);
			currentVersion = 98DF525B1F70AE6B008F396C /* ToolKid.xcdatamodel */;
			path = ToolKid.xcdatamodeld;
			sourceTree = "<group>";
			versionGroupType = wrapper.xcdatamodel;
		};
/* End XCVersionGroup section */
	};
	rootObject = 98DF524B1F70AE6B008F396C /* Project object */;
}
